
Microsoft Visual Studio Solution File, Format Version 12.00
# Visual Studio Version 17
VisualStudioVersion = 17.11.35327.3
MinimumVisualStudioVersion = 10.0.40219.1
Project("{FAE04EC0-301F-11D3-BF4B-00C04F79EFBC}") = "ChapterHouse", "ChapterHouse\ChapterHouse.csproj", "{27530407-9063-4956-B55C-EC1E70204075}"
EndProject
Global
	GlobalSection(SolutionConfigurationPlatforms) = preSolution
		Debug|Any CPU = Debug|Any CPU
		Release|Any CPU = Release|Any CPU
	EndGlobalSection
	GlobalSection(ProjectConfigurationPlatforms) = postSolution
		{27530407-9063-4956-B55C-EC1E70204075}.Debug|Any CPU.ActiveCfg = Debug|Any CPU
		{27530407-9063-4956-B55C-EC1E70204075}.Debug|Any CPU.Build.0 = Debug|Any CPU
		{27530407-9063-4956-B55C-EC1E70204075}.Release|Any CPU.ActiveCfg = Release|Any CPU
		{27530407-9063-4956-B55C-EC1E70204075}.Release|Any CPU.Build.0 = Release|Any CPU
	EndGlobalSection
	GlobalSection(SolutionProperties) = preSolution
		HideSolutionNode = FALSE
	EndGlobalSection
	GlobalSection(ExtensibilityGlobals) = postSolution
		SolutionGuid = {8724C4A0-C5EB-4C09-84A8-F5CAAAAB2A4D}
	EndGlobalSection
EndGlobal
